{
    "_meta": {
        "hash": {
            "sha256": "9a331ba8a556a63a46bbb9f4d0accf7b047a7f046b8dcb049fb3f47919cf4d1c"
        },
        "pipfile-spec": 6,
        "requires": {
            "python_version": "3.7"
        },
        "sources": [
            {
                "name": "pypi",
                "url": "https://pypi.org/simple",
                "verify_ssl": true
            }
        ]
    },
    "default": {
        "couchdb": {
            "hashes": [
                "sha256:1386a1a43f25bed3667e3b805222054940d674fa1967fa48e9d2012a18630ab7",
                "sha256:13a28a1159c49f8346732e8724b9a4d65cba54bec017c4a7eeb1499fe88151d1"
            ],
            "index": "pypi",
            "version": "==1.2"
        }
    },
    "develop": {}
}
